
Microsoft Visual Studio Solution File, Format Version 12.00
# Visual Studio Version 17
VisualStudioVersion = 17.3.32929.385
MinimumVisualStudioVersion = 10.0.40219.1
Project("{FAE04EC0-301F-11D3-BF4B-00C04F79EFBC}") = "Exec_For04", "Exec_For04\Exec_For04.csproj", "{4DFA2930-220B-4E78-8F94-7BE1BA71929D}"
EndProject
Global
	GlobalSection(SolutionConfigurationPlatforms) = preSolution
		Debug|Any CPU = Debug|Any CPU
		Release|Any CPU = Release|Any CPU
	EndGlobalSection
	GlobalSection(ProjectConfigurationPlatforms) = postSolution
		{4DFA2930-220B-4E78-8F94-7BE1BA71929D}.Debug|Any CPU.ActiveCfg = Debug|Any CPU
		{4DFA2930-220B-4E78-8F94-7BE1BA71929D}.Debug|Any CPU.Build.0 = Debug|Any CPU
		{4DFA2930-220B-4E78-8F94-7BE1BA71929D}.Release|Any CPU.ActiveCfg = Release|Any CPU
		{4DFA2930-220B-4E78-8F94-7BE1BA71929D}.Release|Any CPU.Build.0 = Release|Any CPU
	EndGlobalSection
	GlobalSection(SolutionProperties) = preSolution
		HideSolutionNode = FALSE
	EndGlobalSection
	GlobalSection(ExtensibilityGlobals) = postSolution
		SolutionGuid = {41E68300-9617-4548-8247-9C2D1CD94A96}
	EndGlobalSection
EndGlobal
